
Microsoft Visual Studio Solution File, Format Version 12.00
# Visual Studio 15
VisualStudioVersion = 15.0.27703.2026
MinimumVisualStudioVersion = 10.0.40219.1
Project("{FAE04EC0-301F-11D3-BF4B-00C04F79EFBC}") = "Restaurante.UI", "Restaurante.UI\Restaurante.UI.csproj", "{C659B5B5-9F94-4EB8-A610-499FA1B41E02}"
EndProject
Project("{FAE04EC0-301F-11D3-BF4B-00C04F79EFBC}") = "Restaurante.BLL", "Restaurante.BLL\Restaurante.BLL.csproj", "{A8D474B6-4571-447F-9D68-FD3BCE9FA39B}"
EndProject
Project("{FAE04EC0-301F-11D3-BF4B-00C04F79EFBC}") = "Restaurante.Entity", "Restaurante.Entity\Restaurante.Entity.csproj", "{A0BB6715-FB2F-44B6-80D1-6EAB1C3CE22E}"
EndProject
Project("{FAE04EC0-301F-11D3-BF4B-00C04F79EFBC}") = "Restaurante.DAL", "Restaurante.DAL\Restaurante.DAL.csproj", "{48A07ADB-A212-47A9-9B86-EED95A5BA597}"
EndProject
Project("{FAE04EC0-301F-11D3-BF4B-00C04F79EFBC}") = "Ejemplos", "EducacionIT.Ejemplos\Ejemplos.csproj", "{9A86725F-52B3-4322-8E1E-A5865D884AF6}"
EndProject
Global
	GlobalSection(SolutionConfigurationPlatforms) = preSolution
		Debug|Any CPU = Debug|Any CPU
		Release|Any CPU = Release|Any CPU
	EndGlobalSection
	GlobalSection(ProjectConfigurationPlatforms) = postSolution
		{C659B5B5-9F94-4EB8-A610-499FA1B41E02}.Debug|Any CPU.ActiveCfg = Debug|Any CPU
		{C659B5B5-9F94-4EB8-A610-499FA1B41E02}.Debug|Any CPU.Build.0 = Debug|Any CPU
		{C659B5B5-9F94-4EB8-A610-499FA1B41E02}.Release|Any CPU.ActiveCfg = Release|Any CPU
		{C659B5B5-9F94-4EB8-A610-499FA1B41E02}.Release|Any CPU.Build.0 = Release|Any CPU
		{A8D474B6-4571-447F-9D68-FD3BCE9FA39B}.Debug|Any CPU.ActiveCfg = Debug|Any CPU
		{A8D474B6-4571-447F-9D68-FD3BCE9FA39B}.Debug|Any CPU.Build.0 = Debug|Any CPU
		{A8D474B6-4571-447F-9D68-FD3BCE9FA39B}.Release|Any CPU.ActiveCfg = Release|Any CPU
		{A8D474B6-4571-447F-9D68-FD3BCE9FA39B}.Release|Any CPU.Build.0 = Release|Any CPU
		{A0BB6715-FB2F-44B6-80D1-6EAB1C3CE22E}.Debug|Any CPU.ActiveCfg = Debug|Any CPU
		{A0BB6715-FB2F-44B6-80D1-6EAB1C3CE22E}.Debug|Any CPU.Build.0 = Debug|Any CPU
		{A0BB6715-FB2F-44B6-80D1-6EAB1C3CE22E}.Release|Any CPU.ActiveCfg = Release|Any CPU
		{A0BB6715-FB2F-44B6-80D1-6EAB1C3CE22E}.Release|Any CPU.Build.0 = Release|Any CPU
		{48A07ADB-A212-47A9-9B86-EED95A5BA597}.Debug|Any CPU.ActiveCfg = Debug|Any CPU
		{48A07ADB-A212-47A9-9B86-EED95A5BA597}.Debug|Any CPU.Build.0 = Debug|Any CPU
		{48A07ADB-A212-47A9-9B86-EED95A5BA597}.Release|Any CPU.ActiveCfg = Release|Any CPU
		{48A07ADB-A212-47A9-9B86-EED95A5BA597}.Release|Any CPU.Build.0 = Release|Any CPU
		{9A86725F-52B3-4322-8E1E-A5865D884AF6}.Debug|Any CPU.ActiveCfg = Debug|Any CPU
		{9A86725F-52B3-4322-8E1E-A5865D884AF6}.Debug|Any CPU.Build.0 = Debug|Any CPU
		{9A86725F-52B3-4322-8E1E-A5865D884AF6}.Release|Any CPU.ActiveCfg = Release|Any CPU
		{9A86725F-52B3-4322-8E1E-A5865D884AF6}.Release|Any CPU.Build.0 = Release|Any CPU
	EndGlobalSection
	GlobalSection(SolutionProperties) = preSolution
		HideSolutionNode = FALSE
	EndGlobalSection
	GlobalSection(ExtensibilityGlobals) = postSolution
		SolutionGuid = {8F392CE6-6673-4F31-8FB2-3577085E8E86}
	EndGlobalSection
EndGlobal
